// !$*UTF8*$!
{
	archiveVersion = 1;
	classes = {
	};
	objectVersion = 77;
	objects = {

/* Begin PBXBuildFile section */
		712792832E9D8091007D3B0B /* SwiftUI.framework in Frameworks */ = {isa = PBXBuildFile; fileRef = 714E831B2DBE3598005ED7BB /* SwiftUI.framework */; };
		712792862E9D8092007D3B0B /* WidgetKit.framework in Frameworks */ = {isa = PBXBuildFile; fileRef = 714E83192DBE3597005ED7BB /* WidgetKit.framework */; };
		714E832D2DBE3599005ED7BB /* InpensoWidgetExtensionExtension.appex in Embed Foundation Extensions */ = {isa = PBXBuildFile; fileRef = 714E83172DBE3597005ED7BB /* InpensoWidgetExtensionExtension.appex */; settings = {ATTRIBUTES = (RemoveHeadersOnCopy, ); }; };
		714E834D2DBE654D005ED7BB /* ProjectPlan.swift in Sources */ = {isa = PBXBuildFile; fileRef = 714E834C2DBE654D005ED7BB /* ProjectPlan.swift */; };
		714E834E2DBE654D005ED7BB /* ProjectPlan.swift in Sources */ = {isa = PBXBuildFile; fileRef = 714E834C2DBE654D005ED7BB /* ProjectPlan.swift */; };
/* End PBXBuildFile section */

/* Begin PBXContainerItemProxy section */
		714E832B2DBE3599005ED7BB /* PBXContainerItemProxy */ = {
			isa = PBXContainerItemProxy;
			containerPortal = 714E82EB2DBE3124005ED7BB /* Project object */;
			proxyType = 1;
			remoteGlobalIDString = 714E83162DBE3597005ED7BB;
			remoteInfo = SaldoPositivoWidgetExtensionExtension;
		};
/* End PBXContainerItemProxy section */

/* Begin PBXCopyFilesBuildPhase section */
		714E83322DBE3599005ED7BB /* Embed Foundation Extensions */ = {
			isa = PBXCopyFilesBuildPhase;
			buildActionMask = 2147483647;
			dstPath = "";
			dstSubfolderSpec = 13;
			files = (
				714E832D2DBE3599005ED7BB /* InpensoWidgetExtensionExtension.appex in Embed Foundation Extensions */,
			);
			name = "Embed Foundation Extensions";
			runOnlyForDeploymentPostprocessing = 0;
		};
/* End PBXCopyFilesBuildPhase section */

/* Begin PBXFileReference section */
		714E82F32DBE3124005ED7BB /* Inpenso.app */ = {isa = PBXFileReference; explicitFileType = wrapper.application; includeInIndex = 0; path = Inpenso.app; sourceTree = BUILT_PRODUCTS_DIR; };
		714E83172DBE3597005ED7BB /* InpensoWidgetExtensionExtension.appex */ = {isa = PBXFileReference; explicitFileType = "wrapper.app-extension"; includeInIndex = 0; path = InpensoWidgetExtensionExtension.appex; sourceTree = BUILT_PRODUCTS_DIR; };
		714E83192DBE3597005ED7BB /* WidgetKit.framework */ = {isa = PBXFileReference; lastKnownFileType = wrapper.framework; name = WidgetKit.framework; path = System/Library/Frameworks/WidgetKit.framework; sourceTree = SDKROOT; };
		714E831B2DBE3598005ED7BB /* SwiftUI.framework */ = {isa = PBXFileReference; lastKnownFileType = wrapper.framework; name = SwiftUI.framework; path = System/Library/Frameworks/SwiftUI.framework; sourceTree = SDKROOT; };
		714E833D2DBE39CE005ED7BB /* SaldoPositivoWidgetExtensionExtension.entitlements */ = {isa = PBXFileReference; lastKnownFileType = text.plist.entitlements; path = SaldoPositivoWidgetExtensionExtension.entitlements; sourceTree = "<group>"; };
		714E834C2DBE654D005ED7BB /* ProjectPlan.swift */ = {isa = PBXFileReference; lastKnownFileType = sourcecode.swift; path = ProjectPlan.swift; sourceTree = "<group>"; };
/* End PBXFileReference section */

/* Begin PBXFileSystemSynchronizedBuildFileExceptionSet section */
		71A111112EAAAAAA00000001 /* Exceptions for "SaldoPositivoWidgetExtension" folder in "InpensoWidgetExtensionExtension" target */ = {
			isa = PBXFileSystemSynchronizedBuildFileExceptionSet;
			membershipExceptions = (
				Info.plist,
			);
			target = 714E83162DBE3597005ED7BB /* InpensoWidgetExtensionExtension */;
		};
/* End PBXFileSystemSynchronizedBuildFileExceptionSet section */

/* Begin PBXFileSystemSynchronizedRootGroup section */
		714E82F52DBE3124005ED7BB /* SaldoPositivo */ = {
			isa = PBXFileSystemSynchronizedRootGroup;
			path = SaldoPositivo;
			sourceTree = "<group>";
		};
		714E831D2DBE3598005ED7BB /* SaldoPositivoWidgetExtension */ = {
			isa = PBXFileSystemSynchronizedRootGroup;
			exceptions = (
				71A111112EAAAAAA00000001 /* Exceptions for "SaldoPositivoWidgetExtension" folder in "InpensoWidgetExtensionExtension" target */,
			);
			path = SaldoPositivoWidgetExtension;
			sourceTree = "<group>";
		};
		71A111122EAAAAAA00000002 /* SaldoPositivo/Shared */ = {
			isa = PBXFileSystemSynchronizedRootGroup;
			path = SaldoPositivo/Shared;
			sourceTree = "<group>";
		};
/* End PBXFileSystemSynchronizedRootGroup section */

/* Begin PBXFrameworksBuildPhase section */
		714E82F02DBE3124005ED7BB /* Frameworks */ = {
			isa = PBXFrameworksBuildPhase;
			buildActionMask = 2147483647;
			files = (
			);
			runOnlyForDeploymentPostprocessing = 0;
		};
		714E83142DBE3597005ED7BB /* Frameworks */ = {
			isa = PBXFrameworksBuildPhase;
			buildActionMask = 2147483647;
			files = (
				712792832E9D8091007D3B0B /* SwiftUI.framework in Frameworks */,
				712792862E9D8092007D3B0B /* WidgetKit.framework in Frameworks */,
			);
			runOnlyForDeploymentPostprocessing = 0;
		};
/* End PBXFrameworksBuildPhase section */

/* Begin PBXGroup section */
		714E82EA2DBE3124005ED7BB = {
			isa = PBXGroup;
			children = (
				714E834C2DBE654D005ED7BB /* ProjectPlan.swift */,
				714E833D2DBE39CE005ED7BB /* SaldoPositivoWidgetExtensionExtension.entitlements */,
				714E82F52DBE3124005ED7BB /* SaldoPositivo */,
				71A111122EAAAAAA00000002 /* SaldoPositivo/Shared */,
				714E831D2DBE3598005ED7BB /* SaldoPositivoWidgetExtension */,
				714E83182DBE3597005ED7BB /* Frameworks */,
				714E82F42DBE3124005ED7BB /* Products */,
			);
			sourceTree = "<group>";
		};
		714E82F42DBE3124005ED7BB /* Products */ = {
			isa = PBXGroup;
			children = (
				714E82F32DBE3124005ED7BB /* Inpenso.app */,
				714E83172DBE3597005ED7BB /* InpensoWidgetExtensionExtension.appex */,
			);
			name = Products;
			sourceTree = "<group>";
		};
		714E83182DBE3597005ED7BB /* Frameworks */ = {
			isa = PBXGroup;
			children = (
				714E83192DBE3597005ED7BB /* WidgetKit.framework */,
				714E831B2DBE3598005ED7BB /* SwiftUI.framework */,
			);
			name = Frameworks;
			sourceTree = "<group>";
		};
/* End PBXGroup section */

/* Begin PBXNativeTarget section */
		714E82F22DBE3124005ED7BB /* Inpenso */ = {
			isa = PBXNativeTarget;
			buildConfigurationList = 714E82FE2DBE3126005ED7BB /* Build configuration list for PBXNativeTarget "Inpenso" */;
			buildPhases = (
				714E82EF2DBE3124005ED7BB /* Sources */,
				714E82F02DBE3124005ED7BB /* Frameworks */,
				714E82F12DBE3124005ED7BB /* Resources */,
				714E83322DBE3599005ED7BB /* Embed Foundation Extensions */,
			);
			buildRules = (
			);
			dependencies = (
				714E832C2DBE3599005ED7BB /* PBXTargetDependency */,
			);
			fileSystemSynchronizedGroups = (
				714E82F52DBE3124005ED7BB /* SaldoPositivo */,
			);
			name = Inpenso;
			packageProductDependencies = (
			);
			productName = SaldoPositivo;
			productReference = 714E82F32DBE3124005ED7BB /* Inpenso.app */;
			productType = "com.apple.product-type.application";
		};
		714E83162DBE3597005ED7BB /* InpensoWidgetExtensionExtension */ = {
			isa = PBXNativeTarget;
			buildConfigurationList = 714E832F2DBE3599005ED7BB /* Build configuration list for PBXNativeTarget "InpensoWidgetExtensionExtension" */;
			buildPhases = (
				714E83132DBE3597005ED7BB /* Sources */,
				714E83142DBE3597005ED7BB /* Frameworks */,
				714E83152DBE3597005ED7BB /* Resources */,
			);
			buildRules = (
			);
			dependencies = (
			);
			fileSystemSynchronizedGroups = (
				714E831D2DBE3598005ED7BB /* SaldoPositivoWidgetExtension */,
				71A111122EAAAAAA00000002 /* SaldoPositivo/Shared */,
			);
			name = InpensoWidgetExtensionExtension;
			packageProductDependencies = (
			);
			productName = SaldoPositivoWidgetExtensionExtension;
			productReference = 714E83172DBE3597005ED7BB /* InpensoWidgetExtensionExtension.appex */;
			productType = "com.apple.product-type.app-extension";
		};
/* End PBXNativeTarget section */

/* Begin PBXProject section */
		714E82EB2DBE3124005ED7BB /* Project object */ = {
			isa = PBXProject;
			attributes = {
				BuildIndependentTargetsInParallel = 1;
				LastSwiftUpdateCheck = 1630;
				LastUpgradeCheck = 2620;
				TargetAttributes = {
					714E82F22DBE3124005ED7BB = {
						CreatedOnToolsVersion = 16.3;
					};
					714E83162DBE3597005ED7BB = {
						CreatedOnToolsVersion = 16.3;
					};
				};
			};
			buildConfigurationList = 714E82EE2DBE3124005ED7BB /* Build configuration list for PBXProject "Saldo+" */;
			developmentRegion = en;
			hasScannedForEncodings = 0;
			knownRegions = (
				en,
				Base,
				es,
				it,
			);
			mainGroup = 714E82EA2DBE3124005ED7BB;
			minimizedProjectReferenceProxies = 1;
			preferredProjectObjectVersion = 77;
			productRefGroup = 714E82F42DBE3124005ED7BB /* Products */;
			projectDirPath = "";
			projectRoot = "";
			targets = (
				714E82F22DBE3124005ED7BB /* Inpenso */,
				714E83162DBE3597005ED7BB /* InpensoWidgetExtensionExtension */,
			);
		};
/* End PBXProject section */

/* Begin PBXResourcesBuildPhase section */
		714E82F12DBE3124005ED7BB /* Resources */ = {
			isa = PBXResourcesBuildPhase;
			buildActionMask = 2147483647;
			files = (
			);
			runOnlyForDeploymentPostprocessing = 0;
		};
		714E83152DBE3597005ED7BB /* Resources */ = {
			isa = PBXResourcesBuildPhase;
			buildActionMask = 2147483647;
			files = (
			);
			runOnlyForDeploymentPostprocessing = 0;
		};
/* End PBXResourcesBuildPhase section */

/* Begin PBXSourcesBuildPhase section */
		714E82EF2DBE3124005ED7BB /* Sources */ = {
			isa = PBXSourcesBuildPhase;
			buildActionMask = 2147483647;
			files = (
				714E834D2DBE654D005ED7BB /* ProjectPlan.swift in Sources */,
			);
			runOnlyForDeploymentPostprocessing = 0;
		};
		714E83132DBE3597005ED7BB /* Sources */ = {
			isa = PBXSourcesBuildPhase;
			buildActionMask = 2147483647;
			files = (
				714E834E2DBE654D005ED7BB /* ProjectPlan.swift in Sources */,
			);
			runOnlyForDeploymentPostprocessing = 0;
		};
/* End PBXSourcesBuildPhase section */

/* Begin PBXTargetDependency section */
		714E832C2DBE3599005ED7BB /* PBXTargetDependency */ = {
			isa = PBXTargetDependency;
			target = 714E83162DBE3597005ED7BB /* InpensoWidgetExtensionExtension */;
			targetProxy = 714E832B2DBE3599005ED7BB /* PBXContainerItemProxy */;
		};
/* End PBXTargetDependency section */

/* Begin XCBuildConfiguration section */
		714E82FC2DBE3126005ED7BB /* Debug */ = {
			isa = XCBuildConfiguration;
			buildSettings = {
				ALWAYS_SEARCH_USER_PATHS = NO;
				ASSETCATALOG_COMPILER_GENERATE_SWIFT_ASSET_SYMBOL_EXTENSIONS = YES;
				CLANG_ANALYZER_LOCALIZABILITY_NONLOCALIZED = YES;
				CLANG_ANALYZER_NONNULL = YES;
				CLANG_ANALYZER_NUMBER_OBJECT_CONVERSION = YES_AGGRESSIVE;
				CLANG_CXX_LANGUAGE_STANDARD = "gnu++20";
				CLANG_ENABLE_MODULES = YES;
				CLANG_ENABLE_OBJC_ARC = YES;
				CLANG_ENABLE_OBJC_WEAK = YES;
				CLANG_WARN_BLOCK_CAPTURE_AUTORELEASING = YES;
				CLANG_WARN_BOOL_CONVERSION = YES;
				CLANG_WARN_COMMA = YES;
				CLANG_WARN_CONSTANT_CONVERSION = YES;
				CLANG_WARN_DEPRECATED_OBJC_IMPLEMENTATIONS = YES;
				CLANG_WARN_DIRECT_OBJC_ISA_USAGE = YES_ERROR;
				CLANG_WARN_DOCUMENTATION_COMMENTS = YES;
				CLANG_WARN_EMPTY_BODY = YES;
				CLANG_WARN_ENUM_CONVERSION = YES;
				CLANG_WARN_INFINITE_RECURSION = YES;
				CLANG_WARN_INT_CONVERSION = YES;
				CLANG_WARN_NON_LITERAL_NULL_CONVERSION = YES;
				CLANG_WARN_OBJC_IMPLICIT_RETAIN_SELF = YES;
				CLANG_WARN_OBJC_LITERAL_CONVERSION = YES;
				CLANG_WARN_OBJC_ROOT_CLASS = YES_ERROR;
				CLANG_WARN_QUOTED_INCLUDE_IN_FRAMEWORK_HEADER = YES;
				CLANG_WARN_RANGE_LOOP_ANALYSIS = YES;
				CLANG_WARN_STRICT_PROTOTYPES = YES;
				CLANG_WARN_SUSPICIOUS_MOVE = YES;
				CLANG_WARN_UNGUARDED_AVAILABILITY = YES_AGGRESSIVE;
				CLANG_WARN_UNREACHABLE_CODE = YES;
				CLANG_WARN__DUPLICATE_METHOD_MATCH = YES;
				COPY_PHASE_STRIP = NO;
				DEBUG_INFORMATION_FORMAT = dwarf;
				DEVELOPMENT_TEAM = K9YT824399;
				ENABLE_STRICT_OBJC_MSGSEND = YES;
				ENABLE_TESTABILITY = YES;
				ENABLE_USER_SCRIPT_SANDBOXING = YES;
				GCC_C_LANGUAGE_STANDARD = gnu17;
				GCC_DYNAMIC_NO_PIC = NO;
				GCC_NO_COMMON_BLOCKS = YES;
				GCC_OPTIMIZATION_LEVEL = 0;
				GCC_PREPROCESSOR_DEFINITIONS = (
					"DEBUG=1",
					"$(inherited)",
				);
				GCC_WARN_64_TO_32_BIT_CONVERSION = YES;
				GCC_WARN_ABOUT_RETURN_TYPE = YES_ERROR;
				GCC_WARN_UNDECLARED_SELECTOR = YES;
				GCC_WARN_UNINITIALIZED_AUTOS = YES_AGGRESSIVE;
				GCC_WARN_UNUSED_FUNCTION = YES;
				GCC_WARN_UNUSED_VARIABLE = YES;
				IPHONEOS_DEPLOYMENT_TARGET = 18.4;
				LOCALIZATION_PREFERS_STRING_CATALOGS = YES;
				MTL_ENABLE_DEBUG_INFO = INCLUDE_SOURCE;
				MTL_FAST_MATH = YES;
				ONLY_ACTIVE_ARCH = YES;
				SDKROOT = iphoneos;
				STRING_CATALOG_GENERATE_SYMBOLS = YES;
				SWIFT_ACTIVE_COMPILATION_CONDITIONS = "DEBUG $(inherited)";
				SWIFT_OPTIMIZATION_LEVEL = "-Onone";
			};
			name = Debug;
		};
		714E82FD2DBE3126005ED7BB /* Release */ = {
			isa = XCBuildConfiguration;
			buildSettings = {
				ALWAYS_SEARCH_USER_PATHS = NO;
				ASSETCATALOG_COMPILER_GENERATE_SWIFT_ASSET_SYMBOL_EXTENSIONS = YES;
				CLANG_ANALYZER_LOCALIZABILITY_NONLOCALIZED = YES;
				CLANG_ANALYZER_NONNULL = YES;
				CLANG_ANALYZER_NUMBER_OBJECT_CONVERSION = YES_AGGRESSIVE;
				CLANG_CXX_LANGUAGE_STANDARD = "gnu++20";
				CLANG_ENABLE_MODULES = YES;
				CLANG_ENABLE_OBJC_ARC = YES;
				CLANG_ENABLE_OBJC_WEAK = YES;
				CLANG_WARN_BLOCK_CAPTURE_AUTORELEASING = YES;
				CLANG_WARN_BOOL_CONVERSION = YES;
				CLANG_WARN_COMMA = YES;
				CLANG_WARN_CONSTANT_CONVERSION = YES;
				CLANG_WARN_DEPRECATED_OBJC_IMPLEMENTATIONS = YES;
				CLANG_WARN_DIRECT_OBJC_ISA_USAGE = YES_ERROR;
				CLANG_WARN_DOCUMENTATION_COMMENTS = YES;
				CLANG_WARN_EMPTY_BODY = YES;
				CLANG_WARN_ENUM_CONVERSION = YES;
				CLANG_WARN_INFINITE_RECURSION = YES;
				CLANG_WARN_INT_CONVERSION = YES;
				CLANG_WARN_NON_LITERAL_NULL_CONVERSION = YES;
				CLANG_WARN_OBJC_IMPLICIT_RETAIN_SELF = YES;
				CLANG_WARN_OBJC_LITERAL_CONVERSION = YES;
				CLANG_WARN_OBJC_ROOT_CLASS = YES_ERROR;
				CLANG_WARN_QUOTED_INCLUDE_IN_FRAMEWORK_HEADER = YES;
				CLANG_WARN_RANGE_LOOP_ANALYSIS = YES;
				CLANG_WARN_STRICT_PROTOTYPES = YES;
				CLANG_WARN_SUSPICIOUS_MOVE = YES;
				CLANG_WARN_UNGUARDED_AVAILABILITY = YES_AGGRESSIVE;
				CLANG_WARN_UNREACHABLE_CODE = YES;
				CLANG_WARN__DUPLICATE_METHOD_MATCH = YES;
				COPY_PHASE_STRIP = NO;
				DEBUG_INFORMATION_FORMAT = "dwarf-with-dsym";
				DEVELOPMENT_TEAM = K9YT824399;
				ENABLE_NS_ASSERTIONS = NO;
				ENABLE_STRICT_OBJC_MSGSEND = YES;
				ENABLE_USER_SCRIPT_SANDBOXING = YES;
				GCC_C_LANGUAGE_STANDARD = gnu17;
				GCC_NO_COMMON_BLOCKS = YES;
				GCC_WARN_64_TO_32_BIT_CONVERSION = YES;
				GCC_WARN_ABOUT_RETURN_TYPE = YES_ERROR;
				GCC_WARN_UNDECLARED_SELECTOR = YES;
				GCC_WARN_UNINITIALIZED_AUTOS = YES_AGGRESSIVE;
				GCC_WARN_UNUSED_FUNCTION = YES;
				GCC_WARN_UNUSED_VARIABLE = YES;
				IPHONEOS_DEPLOYMENT_TARGET = 18.4;
				LOCALIZATION_PREFERS_STRING_CATALOGS = YES;
				MTL_ENABLE_DEBUG_INFO = NO;
				MTL_FAST_MATH = YES;
				SDKROOT = iphoneos;
				STRING_CATALOG_GENERATE_SYMBOLS = YES;
				SWIFT_COMPILATION_MODE = wholemodule;
				VALIDATE_PRODUCT = YES;
			};
			name = Release;
		};
		714E82FF2DBE3126005ED7BB /* Debug */ = {
			isa = XCBuildConfiguration;
			buildSettings = {
				ASSETCATALOG_COMPILER_APPICON_NAME = AppIcon;
				ASSETCATALOG_COMPILER_GLOBAL_ACCENT_COLOR_NAME = AccentColor;
				CODE_SIGN_ENTITLEMENTS = SaldoPositivo/SaldoPositivo.entitlements;
				CODE_SIGN_STYLE = Automatic;
				CURRENT_PROJECT_VERSION = 1;
				DEVELOPMENT_TEAM = 6T2CHW3D7N;
				ENABLE_PREVIEWS = YES;
				GENERATE_INFOPLIST_FILE = YES;
				INFOPLIST_KEY_CFBundleDisplayName = "Saldo+";
				INFOPLIST_KEY_LSApplicationCategoryType = "public.app-category.finance";
				INFOPLIST_KEY_UIApplicationSceneManifest_Generation = YES;
				INFOPLIST_KEY_UIApplicationSupportsIndirectInputEvents = YES;
				INFOPLIST_KEY_UILaunchScreen_Generation = YES;
				INFOPLIST_KEY_UIRequiresFullScreen = YES;
				INFOPLIST_KEY_UIStatusBarStyle = "";
				INFOPLIST_KEY_UISupportedInterfaceOrientations = UIInterfaceOrientationPortrait;
				IPHONEOS_DEPLOYMENT_TARGET = 18.0;
				LD_RUNPATH_SEARCH_PATHS = (
					"$(inherited)",
					"@executable_path/Frameworks",
				);
				MARKETING_VERSION = 1.0.5;
				PRODUCT_BUNDLE_IDENTIFIER = com.trinchero.saldopositivo;
				PRODUCT_NAME = "$(TARGET_NAME)";
				SUPPORTED_PLATFORMS = "iphoneos iphonesimulator";
				SUPPORTS_MACCATALYST = NO;
				SUPPORTS_MAC_DESIGNED_FOR_IPHONE_IPAD = NO;
				SUPPORTS_XR_DESIGNED_FOR_IPHONE_IPAD = NO;
				SWIFT_EMIT_LOC_STRINGS = YES;
				SWIFT_VERSION = 5.0;
				TARGETED_DEVICE_FAMILY = 1;
			};
			name = Debug;
		};
		714E83002DBE3126005ED7BB /* Release */ = {
			isa = XCBuildConfiguration;
			buildSettings = {
				ASSETCATALOG_COMPILER_APPICON_NAME = AppIcon;
				ASSETCATALOG_COMPILER_GLOBAL_ACCENT_COLOR_NAME = AccentColor;
				CODE_SIGN_ENTITLEMENTS = SaldoPositivo/SaldoPositivo.entitlements;
				CODE_SIGN_STYLE = Automatic;
				CURRENT_PROJECT_VERSION = 1;
				DEVELOPMENT_TEAM = 6T2CHW3D7N;
				ENABLE_PREVIEWS = YES;
				GENERATE_INFOPLIST_FILE = YES;
				INFOPLIST_KEY_CFBundleDisplayName = "Saldo+";
				INFOPLIST_KEY_LSApplicationCategoryType = "public.app-category.finance";
				INFOPLIST_KEY_UIApplicationSceneManifest_Generation = YES;
				INFOPLIST_KEY_UIApplicationSupportsIndirectInputEvents = YES;
				INFOPLIST_KEY_UILaunchScreen_Generation = YES;
				INFOPLIST_KEY_UIRequiresFullScreen = YES;
				INFOPLIST_KEY_UIStatusBarStyle = "";
				INFOPLIST_KEY_UISupportedInterfaceOrientations = UIInterfaceOrientationPortrait;
				IPHONEOS_DEPLOYMENT_TARGET = 18.0;
				LD_RUNPATH_SEARCH_PATHS = (
					"$(inherited)",
					"@executable_path/Frameworks",
				);
				MARKETING_VERSION = 1.0.5;
				PRODUCT_BUNDLE_IDENTIFIER = com.trinchero.saldopositivo;
				PRODUCT_NAME = "$(TARGET_NAME)";
				SUPPORTED_PLATFORMS = "iphoneos iphonesimulator";
				SUPPORTS_MACCATALYST = NO;
				SUPPORTS_MAC_DESIGNED_FOR_IPHONE_IPAD = NO;
				SUPPORTS_XR_DESIGNED_FOR_IPHONE_IPAD = NO;
				SWIFT_EMIT_LOC_STRINGS = YES;
				SWIFT_VERSION = 5.0;
				TARGETED_DEVICE_FAMILY = 1;
			};
			name = Release;
		};
		714E83302DBE3599005ED7BB /* Debug */ = {
			isa = XCBuildConfiguration;
			buildSettings = {
				ASSETCATALOG_COMPILER_GLOBAL_ACCENT_COLOR_NAME = AccentColor;
				ASSETCATALOG_COMPILER_WIDGET_BACKGROUND_COLOR_NAME = WidgetBackground;
				CODE_SIGN_ENTITLEMENTS = SaldoPositivoWidgetExtensionExtension.entitlements;
				CODE_SIGN_STYLE = Automatic;
				CURRENT_PROJECT_VERSION = 1;
				DEVELOPMENT_TEAM = 6T2CHW3D7N;
				GENERATE_INFOPLIST_FILE = YES;
				INFOPLIST_FILE = SaldoPositivoWidgetExtension/Info.plist;
				INFOPLIST_KEY_CFBundleDisplayName = SaldoPositivoWidgetExtension;
				INFOPLIST_KEY_NSHumanReadableCopyright = "";
				IPHONEOS_DEPLOYMENT_TARGET = 18.0;
				LD_RUNPATH_SEARCH_PATHS = (
					"$(inherited)",
					"@executable_path/Frameworks",
					"@executable_path/../../Frameworks",
				);
				MARKETING_VERSION = 1.0.5;
				PRODUCT_BUNDLE_IDENTIFIER = com.trinchero.saldopositivo.widget;
				PRODUCT_NAME = "$(TARGET_NAME)";
				SKIP_INSTALL = YES;
				SWIFT_EMIT_LOC_STRINGS = YES;
				SWIFT_VERSION = 5.0;
				TARGETED_DEVICE_FAMILY = "1,2";
			};
			name = Debug;
		};
		714E83312DBE3599005ED7BB /* Release */ = {
			isa = XCBuildConfiguration;
			buildSettings = {
				ASSETCATALOG_COMPILER_GLOBAL_ACCENT_COLOR_NAME = AccentColor;
				ASSETCATALOG_COMPILER_WIDGET_BACKGROUND_COLOR_NAME = WidgetBackground;
				CODE_SIGN_ENTITLEMENTS = SaldoPositivoWidgetExtensionExtension.entitlements;
				CODE_SIGN_STYLE = Automatic;
				CURRENT_PROJECT_VERSION = 1;
				DEVELOPMENT_TEAM = 6T2CHW3D7N;
				GENERATE_INFOPLIST_FILE = YES;
				INFOPLIST_FILE = SaldoPositivoWidgetExtension/Info.plist;
				INFOPLIST_KEY_CFBundleDisplayName = SaldoPositivoWidgetExtension;
				INFOPLIST_KEY_NSHumanReadableCopyright = "";
				IPHONEOS_DEPLOYMENT_TARGET = 18.0;
				LD_RUNPATH_SEARCH_PATHS = (
					"$(inherited)",
					"@executable_path/Frameworks",
					"@executable_path/../../Frameworks",
				);
				MARKETING_VERSION = 1.0.5;
				PRODUCT_BUNDLE_IDENTIFIER = com.trinchero.saldopositivo.widget;
				PRODUCT_NAME = "$(TARGET_NAME)";
				SKIP_INSTALL = YES;
				SWIFT_EMIT_LOC_STRINGS = YES;
				SWIFT_VERSION = 5.0;
				TARGETED_DEVICE_FAMILY = "1,2";
			};
			name = Release;
		};
/* End XCBuildConfiguration section */

/* Begin XCConfigurationList section */
		714E82EE2DBE3124005ED7BB /* Build configuration list for PBXProject "Saldo+" */ = {
			isa = XCConfigurationList;
			buildConfigurations = (
				714E82FC2DBE3126005ED7BB /* Debug */,
				714E82FD2DBE3126005ED7BB /* Release */,
			);
			defaultConfigurationIsVisible = 0;
			defaultConfigurationName = Release;
		};
		714E82FE2DBE3126005ED7BB /* Build configuration list for PBXNativeTarget "Inpenso" */ = {
			isa = XCConfigurationList;
			buildConfigurations = (
				714E82FF2DBE3126005ED7BB /* Debug */,
				714E83002DBE3126005ED7BB /* Release */,
			);
			defaultConfigurationIsVisible = 0;
			defaultConfigurationName = Release;
		};
		714E832F2DBE3599005ED7BB /* Build configuration list for PBXNativeTarget "InpensoWidgetExtensionExtension" */ = {
			isa = XCConfigurationList;
			buildConfigurations = (
				714E83302DBE3599005ED7BB /* Debug */,
				714E83312DBE3599005ED7BB /* Release */,
			);
			defaultConfigurationIsVisible = 0;
			defaultConfigurationName = Release;
		};
/* End XCConfigurationList section */
	};
	rootObject = 714E82EB2DBE3124005ED7BB /* Project object */;
}
